
Microsoft Visual Studio Solution File, Format Version 12.00
# Visual Studio 15
VisualStudioVersion = 15.0.28010.2036
MinimumVisualStudioVersion = 10.0.40219.1
Project("{FAE04EC0-301F-11D3-BF4B-00C04F79EFBC}") = "My_editor", "My_editor\My_editor.csproj", "{AC4AEC17-CAA2-4624-83B9-FCDFDF9124EB}"
EndProject
Global
	GlobalSection(SolutionConfigurationPlatforms) = preSolution
		Debug|Any CPU = Debug|Any CPU
		Release|Any CPU = Release|Any CPU
	EndGlobalSection
	GlobalSection(ProjectConfigurationPlatforms) = postSolution
		{AC4AEC17-CAA2-4624-83B9-FCDFDF9124EB}.Debug|Any CPU.ActiveCfg = Debug|Any CPU
		{AC4AEC17-CAA2-4624-83B9-FCDFDF9124EB}.Debug|Any CPU.Build.0 = Debug|Any CPU
		{AC4AEC17-CAA2-4624-83B9-FCDFDF9124EB}.Release|Any CPU.ActiveCfg = Release|Any CPU
		{AC4AEC17-CAA2-4624-83B9-FCDFDF9124EB}.Release|Any CPU.Build.0 = Release|Any CPU
	EndGlobalSection
	GlobalSection(SolutionProperties) = preSolution
		HideSolutionNode = FALSE
	EndGlobalSection
	GlobalSection(ExtensibilityGlobals) = postSolution
		SolutionGuid = {2EC2668A-E7AC-4E82-9971-31EEA96ED5FD}
	EndGlobalSection
EndGlobal
